// !$*UTF8*$!
{
	archiveVersion = 1;
	classes = {
	};
	objectVersion = 56;
	objects = {

/* Begin PBXBuildFile section */
		D04227CF2A2B8316000FDAB9 /* iPhone_14_9App.swift in Sources */ = {isa = PBXBuildFile; fileRef = D04227CE2A2B8316000FDAB9 /* iPhone_14_9App.swift */; };
		D04227D12A2B8316000FDAB9 /* ContentView.swift in Sources */ = {isa = PBXBuildFile; fileRef = D04227D02A2B8316000FDAB9 /* ContentView.swift */; };
		D04227D32A2B8317000FDAB9 /* Assets.xcassets in Resources */ = {isa = PBXBuildFile; fileRef = D04227D22A2B8317000FDAB9 /* Assets.xcassets */; };
		D04227D62A2B8317000FDAB9 /* Preview Assets.xcassets in Resources */ = {isa = PBXBuildFile; fileRef = D04227D52A2B8317000FDAB9 /* Preview Assets.xcassets */; };
		D04227D82A2B8317000FDAB9 /* Persistence.swift in Sources */ = {isa = PBXBuildFile; fileRef = D04227D72A2B8317000FDAB9 /* Persistence.swift */; };
		D04227DB2A2B8317000FDAB9 /* iPhone_14_9.xcdatamodeld in Sources */ = {isa = PBXBuildFile; fileRef = D04227D92A2B8317000FDAB9 /* iPhone_14_9.xcdatamodeld */; };
		D04227E62A2B8317000FDAB9 /* iPhone_14_9Tests.swift in Sources */ = {isa = PBXBuildFile; fileRef = D04227E52A2B8317000FDAB9 /* iPhone_14_9Tests.swift */; };
		D04227F02A2B8317000FDAB9 /* iPhone_14_9UITests.swift in Sources */ = {isa = PBXBuildFile; fileRef = D04227EF2A2B8317000FDAB9 /* iPhone_14_9UITests.swift */; };
		D04227F22A2B8317000FDAB9 /* iPhone_14_9UITestsLaunchTests.swift in Sources */ = {isa = PBXBuildFile; fileRef = D04227F12A2B8317000FDAB9 /* iPhone_14_9UITestsLaunchTests.swift */; };
/* End PBXBuildFile section */

/* Begin PBXContainerItemProxy section */
		D04227E22A2B8317000FDAB9 /* PBXContainerItemProxy */ = {
			isa = PBXContainerItemProxy;
			containerPortal = D04227C32A2B8316000FDAB9 /* Project object */;
			proxyType = 1;
			remoteGlobalIDString = D04227CA2A2B8316000FDAB9;
			remoteInfo = "iPhone 14-9";
		};
		D04227EC2A2B8317000FDAB9 /* PBXContainerItemProxy */ = {
			isa = PBXContainerItemProxy;
			containerPortal = D04227C32A2B8316000FDAB9 /* Project object */;
			proxyType = 1;
			remoteGlobalIDString = D04227CA2A2B8316000FDAB9;
			remoteInfo = "iPhone 14-9";
		};
/* End PBXContainerItemProxy section */

/* Begin PBXFileReference section */
		D04227CB2A2B8316000FDAB9 /* iPhone 14-9.app */ = {isa = PBXFileReference; explicitFileType = wrapper.application; includeInIndex = 0; path = "iPhone 14-9.app"; sourceTree = BUILT_PRODUCTS_DIR; };
		D04227CE2A2B8316000FDAB9 /* iPhone_14_9App.swift */ = {isa = PBXFileReference; lastKnownFileType = sourcecode.swift; path = iPhone_14_9App.swift; sourceTree = "<group>"; };
		D04227D02A2B8316000FDAB9 /* ContentView.swift */ = {isa = PBXFileReference; lastKnownFileType = sourcecode.swift; path = ContentView.swift; sourceTree = "<group>"; };
		D04227D22A2B8317000FDAB9 /* Assets.xcassets */ = {isa = PBXFileReference; lastKnownFileType = folder.assetcatalog; path = Assets.xcassets; sourceTree = "<group>"; };
		D04227D52A2B8317000FDAB9 /* Preview Assets.xcassets */ = {isa = PBXFileReference; lastKnownFileType = folder.assetcatalog; path = "Preview Assets.xcassets"; sourceTree = "<group>"; };
		D04227D72A2B8317000FDAB9 /* Persistence.swift */ = {isa = PBXFileReference; lastKnownFileType = sourcecode.swift; path = Persistence.swift; sourceTree = "<group>"; };
		D04227DA2A2B8317000FDAB9 /* iPhone_14_9.xcdatamodel */ = {isa = PBXFileReference; lastKnownFileType = wrapper.xcdatamodel; path = iPhone_14_9.xcdatamodel; sourceTree = "<group>"; };
		D04227DC2A2B8317000FDAB9 /* Info.plist */ = {isa = PBXFileReference; lastKnownFileType = text.plist.xml; path = Info.plist; sourceTree = "<group>"; };
		D04227E12A2B8317000FDAB9 /* iPhone 14-9Tests.xctest */ = {isa = PBXFileReference; explicitFileType = wrapper.cfbundle; includeInIndex = 0; path = "iPhone 14-9Tests.xctest"; sourceTree = BUILT_PRODUCTS_DIR; };
		D04227E52A2B8317000FDAB9 /* iPhone_14_9Tests.swift */ = {isa = PBXFileReference; lastKnownFileType = sourcecode.swift; path = iPhone_14_9Tests.swift; sourceTree = "<group>"; };
		D04227EB2A2B8317000FDAB9 /* iPhone 14-9UITests.xctest */ = {isa = PBXFileReference; explicitFileType = wrapper.cfbundle; includeInIndex = 0; path = "iPhone 14-9UITests.xctest"; sourceTree = BUILT_PRODUCTS_DIR; };
		D04227EF2A2B8317000FDAB9 /* iPhone_14_9UITests.swift */ = {isa = PBXFileReference; lastKnownFileType = sourcecode.swift; path = iPhone_14_9UITests.swift; sourceTree = "<group>"; };
		D04227F12A2B8317000FDAB9 /* iPhone_14_9UITestsLaunchTests.swift */ = {isa = PBXFileReference; lastKnownFileType = sourcecode.swift; path = iPhone_14_9UITestsLaunchTests.swift; sourceTree = "<group>"; };
/* End PBXFileReference section */

/* Begin PBXFrameworksBuildPhase section */
		D04227C82A2B8316000FDAB9 /* Frameworks */ = {
			isa = PBXFrameworksBuildPhase;
			buildActionMask = 2147483647;
			files = (
			);
			runOnlyForDeploymentPostprocessing = 0;
		};
		D04227DE2A2B8317000FDAB9 /* Frameworks */ = {
			isa = PBXFrameworksBuildPhase;
			buildActionMask = 2147483647;
			files = (
			);
			runOnlyForDeploymentPostprocessing = 0;
		};
		D04227E82A2B8317000FDAB9 /* Frameworks */ = {
			isa = PBXFrameworksBuildPhase;
			buildActionMask = 2147483647;
			files = (
			);
			runOnlyForDeploymentPostprocessing = 0;
		};
/* End PBXFrameworksBuildPhase section */

/* Begin PBXGroup section */
		D04227C22A2B8316000FDAB9 = {
			isa = PBXGroup;
			children = (
				D04227CD2A2B8316000FDAB9 /* iPhone 14-9 */,
				D04227E42A2B8317000FDAB9 /* iPhone 14-9Tests */,
				D04227EE2A2B8317000FDAB9 /* iPhone 14-9UITests */,
				D04227CC2A2B8316000FDAB9 /* Products */,
			);
			sourceTree = "<group>";
		};
		D04227CC2A2B8316000FDAB9 /* Products */ = {
			isa = PBXGroup;
			children = (
				D04227CB2A2B8316000FDAB9 /* iPhone 14-9.app */,
				D04227E12A2B8317000FDAB9 /* iPhone 14-9Tests.xctest */,
				D04227EB2A2B8317000FDAB9 /* iPhone 14-9UITests.xctest */,
			);
			name = Products;
			sourceTree = "<group>";
		};
		D04227CD2A2B8316000FDAB9 /* iPhone 14-9 */ = {
			isa = PBXGroup;
			children = (
				D04227CE2A2B8316000FDAB9 /* iPhone_14_9App.swift */,
				D04227D02A2B8316000FDAB9 /* ContentView.swift */,
				D04227D22A2B8317000FDAB9 /* Assets.xcassets */,
				D04227D72A2B8317000FDAB9 /* Persistence.swift */,
				D04227DC2A2B8317000FDAB9 /* Info.plist */,
				D04227D92A2B8317000FDAB9 /* iPhone_14_9.xcdatamodeld */,
				D04227D42A2B8317000FDAB9 /* Preview Content */,
			);
			path = "iPhone 14-9";
			sourceTree = "<group>";
		};
		D04227D42A2B8317000FDAB9 /* Preview Content */ = {
			isa = PBXGroup;
			children = (
				D04227D52A2B8317000FDAB9 /* Preview Assets.xcassets */,
			);
			path = "Preview Content";
			sourceTree = "<group>";
		};
		D04227E42A2B8317000FDAB9 /* iPhone 14-9Tests */ = {
			isa = PBXGroup;
			children = (
				D04227E52A2B8317000FDAB9 /* iPhone_14_9Tests.swift */,
			);
			path = "iPhone 14-9Tests";
			sourceTree = "<group>";
		};
		D04227EE2A2B8317000FDAB9 /* iPhone 14-9UITests */ = {
			isa = PBXGroup;
			children = (
				D04227EF2A2B8317000FDAB9 /* iPhone_14_9UITests.swift */,
				D04227F12A2B8317000FDAB9 /* iPhone_14_9UITestsLaunchTests.swift */,
			);
			path = "iPhone 14-9UITests";
			sourceTree = "<group>";
		};
/* End PBXGroup section */

/* Begin PBXNativeTarget section */
		D04227CA2A2B8316000FDAB9 /* iPhone 14-9 */ = {
			isa = PBXNativeTarget;
			buildConfigurationList = D04227F52A2B8317000FDAB9 /* Build configuration list for PBXNativeTarget "iPhone 14-9" */;
			buildPhases = (
				D04227C72A2B8316000FDAB9 /* Sources */,
				D04227C82A2B8316000FDAB9 /* Frameworks */,
				D04227C92A2B8316000FDAB9 /* Resources */,
			);
			buildRules = (
			);
			dependencies = (
			);
			name = "iPhone 14-9";
			productName = "iPhone 14-9";
			productReference = D04227CB2A2B8316000FDAB9 /* iPhone 14-9.app */;
			productType = "com.apple.product-type.application";
		};
		D04227E02A2B8317000FDAB9 /* iPhone 14-9Tests */ = {
			isa = PBXNativeTarget;
			buildConfigurationList = D04227F82A2B8317000FDAB9 /* Build configuration list for PBXNativeTarget "iPhone 14-9Tests" */;
			buildPhases = (
				D04227DD2A2B8317000FDAB9 /* Sources */,
				D04227DE2A2B8317000FDAB9 /* Frameworks */,
				D04227DF2A2B8317000FDAB9 /* Resources */,
			);
			buildRules = (
			);
			dependencies = (
				D04227E32A2B8317000FDAB9 /* PBXTargetDependency */,
			);
			name = "iPhone 14-9Tests";
			productName = "iPhone 14-9Tests";
			productReference = D04227E12A2B8317000FDAB9 /* iPhone 14-9Tests.xctest */;
			productType = "com.apple.product-type.bundle.unit-test";
		};
		D04227EA2A2B8317000FDAB9 /* iPhone 14-9UITests */ = {
			isa = PBXNativeTarget;
			buildConfigurationList = D04227FB2A2B8317000FDAB9 /* Build configuration list for PBXNativeTarget "iPhone 14-9UITests" */;
			buildPhases = (
				D04227E72A2B8317000FDAB9 /* Sources */,
				D04227E82A2B8317000FDAB9 /* Frameworks */,
				D04227E92A2B8317000FDAB9 /* Resources */,
			);
			buildRules = (
			);
			dependencies = (
				D04227ED2A2B8317000FDAB9 /* PBXTargetDependency */,
			);
			name = "iPhone 14-9UITests";
			productName = "iPhone 14-9UITests";
			productReference = D04227EB2A2B8317000FDAB9 /* iPhone 14-9UITests.xctest */;
			productType = "com.apple.product-type.bundle.ui-testing";
		};
/* End PBXNativeTarget section */

/* Begin PBXProject section */
		D04227C32A2B8316000FDAB9 /* Project object */ = {
			isa = PBXProject;
			attributes = {
				BuildIndependentTargetsInParallel = 1;
				LastSwiftUpdateCheck = 1430;
				LastUpgradeCheck = 1430;
				TargetAttributes = {
					D04227CA2A2B8316000FDAB9 = {
						CreatedOnToolsVersion = 14.3;
					};
					D04227E02A2B8317000FDAB9 = {
						CreatedOnToolsVersion = 14.3;
						TestTargetID = D04227CA2A2B8316000FDAB9;
					};
					D04227EA2A2B8317000FDAB9 = {
						CreatedOnToolsVersion = 14.3;
						TestTargetID = D04227CA2A2B8316000FDAB9;
					};
				};
			};
			buildConfigurationList = D04227C62A2B8316000FDAB9 /* Build configuration list for PBXProject "iPhone 14-9" */;
			compatibilityVersion = "Xcode 14.0";
			developmentRegion = en;
			hasScannedForEncodings = 0;
			knownRegions = (
				en,
				Base,
			);
			mainGroup = D04227C22A2B8316000FDAB9;
			productRefGroup = D04227CC2A2B8316000FDAB9 /* Products */;
			projectDirPath = "";
			projectRoot = "";
			targets = (
				D04227CA2A2B8316000FDAB9 /* iPhone 14-9 */,
				D04227E02A2B8317000FDAB9 /* iPhone 14-9Tests */,
				D04227EA2A2B8317000FDAB9 /* iPhone 14-9UITests */,
			);
		};
/* End PBXProject section */

/* Begin PBXResourcesBuildPhase section */
		D04227C92A2B8316000FDAB9 /* Resources */ = {
			isa = PBXResourcesBuildPhase;
			buildActionMask = 2147483647;
			files = (
				D04227D62A2B8317000FDAB9 /* Preview Assets.xcassets in Resources */,
				D04227D32A2B8317000FDAB9 /* Assets.xcassets in Resources */,
			);
			runOnlyForDeploymentPostprocessing = 0;
		};
		D04227DF2A2B8317000FDAB9 /* Resources */ = {
			isa = PBXResourcesBuildPhase;
			buildActionMask = 2147483647;
			files = (
			);
			runOnlyForDeploymentPostprocessing = 0;
		};
		D04227E92A2B8317000FDAB9 /* Resources */ = {
			isa = PBXResourcesBuildPhase;
			buildActionMask = 2147483647;
			files = (
			);
			runOnlyForDeploymentPostprocessing = 0;
		};
/* End PBXResourcesBuildPhase section */

/* Begin PBXSourcesBuildPhase section */
		D04227C72A2B8316000FDAB9 /* Sources */ = {
			isa = PBXSourcesBuildPhase;
			buildActionMask = 2147483647;
			files = (
				D04227D82A2B8317000FDAB9 /* Persistence.swift in Sources */,
				D04227D12A2B8316000FDAB9 /* ContentView.swift in Sources */,
				D04227CF2A2B8316000FDAB9 /* iPhone_14_9App.swift in Sources */,
				D04227DB2A2B8317000FDAB9 /* iPhone_14_9.xcdatamodeld in Sources */,
			);
			runOnlyForDeploymentPostprocessing = 0;
		};
		D04227DD2A2B8317000FDAB9 /* Sources */ = {
			isa = PBXSourcesBuildPhase;
			buildActionMask = 2147483647;
			files = (
				D04227E62A2B8317000FDAB9 /* iPhone_14_9Tests.swift in Sources */,
			);
			runOnlyForDeploymentPostprocessing = 0;
		};
		D04227E72A2B8317000FDAB9 /* Sources */ = {
			isa = PBXSourcesBuildPhase;
			buildActionMask = 2147483647;
			files = (
				D04227F22A2B8317000FDAB9 /* iPhone_14_9UITestsLaunchTests.swift in Sources */,
				D04227F02A2B8317000FDAB9 /* iPhone_14_9UITests.swift in Sources */,
			);
			runOnlyForDeploymentPostprocessing = 0;
		};
/* End PBXSourcesBuildPhase section */

/* Begin PBXTargetDependency section */
		D04227E32A2B8317000FDAB9 /* PBXTargetDependency */ = {
			isa = PBXTargetDependency;
			target = D04227CA2A2B8316000FDAB9 /* iPhone 14-9 */;
			targetProxy = D04227E22A2B8317000FDAB9 /* PBXContainerItemProxy */;
		};
		D04227ED2A2B8317000FDAB9 /* PBXTargetDependency */ = {
			isa = PBXTargetDependency;
			target = D04227CA2A2B8316000FDAB9 /* iPhone 14-9 */;
			targetProxy = D04227EC2A2B8317000FDAB9 /* PBXContainerItemProxy */;
		};
/* End PBXTargetDependency section */

/* Begin XCBuildConfiguration section */
		D04227F32A2B8317000FDAB9 /* Debug */ = {
			isa = XCBuildConfiguration;
			buildSettings = {
				ALWAYS_SEARCH_USER_PATHS = NO;
				CLANG_ANALYZER_NONNULL = YES;
				CLANG_ANALYZER_NUMBER_OBJECT_CONVERSION = YES_AGGRESSIVE;
				CLANG_CXX_LANGUAGE_STANDARD = "gnu++20";
				CLANG_ENABLE_MODULES = YES;
				CLANG_ENABLE_OBJC_ARC = YES;
				CLANG_ENABLE_OBJC_WEAK = YES;
				CLANG_WARN_BLOCK_CAPTURE_AUTORELEASING = YES;
				CLANG_WARN_BOOL_CONVERSION = YES;
				CLANG_WARN_COMMA = YES;
				CLANG_WARN_CONSTANT_CONVERSION = YES;
				CLANG_WARN_DEPRECATED_OBJC_IMPLEMENTATIONS = YES;
				CLANG_WARN_DIRECT_OBJC_ISA_USAGE = YES_ERROR;
				CLANG_WARN_DOCUMENTATION_COMMENTS = YES;
				CLANG_WARN_EMPTY_BODY = YES;
				CLANG_WARN_ENUM_CONVERSION = YES;
				CLANG_WARN_INFINITE_RECURSION = YES;
				CLANG_WARN_INT_CONVERSION = YES;
				CLANG_WARN_NON_LITERAL_NULL_CONVERSION = YES;
				CLANG_WARN_OBJC_IMPLICIT_RETAIN_SELF = YES;
				CLANG_WARN_OBJC_LITERAL_CONVERSION = YES;
				CLANG_WARN_OBJC_ROOT_CLASS = YES_ERROR;
				CLANG_WARN_QUOTED_INCLUDE_IN_FRAMEWORK_HEADER = YES;
				CLANG_WARN_RANGE_LOOP_ANALYSIS = YES;
				CLANG_WARN_STRICT_PROTOTYPES = YES;
				CLANG_WARN_SUSPICIOUS_MOVE = YES;
				CLANG_WARN_UNGUARDED_AVAILABILITY = YES_AGGRESSIVE;
				CLANG_WARN_UNREACHABLE_CODE = YES;
				CLANG_WARN__DUPLICATE_METHOD_MATCH = YES;
				COPY_PHASE_STRIP = NO;
				DEBUG_INFORMATION_FORMAT = dwarf;
				ENABLE_STRICT_OBJC_MSGSEND = YES;
				ENABLE_TESTABILITY = YES;
				GCC_C_LANGUAGE_STANDARD = gnu11;
				GCC_DYNAMIC_NO_PIC = NO;
				GCC_NO_COMMON_BLOCKS = YES;
				GCC_OPTIMIZATION_LEVEL = 0;
				GCC_PREPROCESSOR_DEFINITIONS = (
					"DEBUG=1",
					"$(inherited)",
				);
				GCC_WARN_64_TO_32_BIT_CONVERSION = YES;
				GCC_WARN_ABOUT_RETURN_TYPE = YES_ERROR;
				GCC_WARN_UNDECLARED_SELECTOR = YES;
				GCC_WARN_UNINITIALIZED_AUTOS = YES_AGGRESSIVE;
				GCC_WARN_UNUSED_FUNCTION = YES;
				GCC_WARN_UNUSED_VARIABLE = YES;
				IPHONEOS_DEPLOYMENT_TARGET = 16.4;
				MTL_ENABLE_DEBUG_INFO = INCLUDE_SOURCE;
				MTL_FAST_MATH = YES;
				ONLY_ACTIVE_ARCH = YES;
				SDKROOT = iphoneos;
				SWIFT_ACTIVE_COMPILATION_CONDITIONS = DEBUG;
				SWIFT_OPTIMIZATION_LEVEL = "-Onone";
			};
			name = Debug;
		};
		D04227F42A2B8317000FDAB9 /* Release */ = {
			isa = XCBuildConfiguration;
			buildSettings = {
				ALWAYS_SEARCH_USER_PATHS = NO;
				CLANG_ANALYZER_NONNULL = YES;
				CLANG_ANALYZER_NUMBER_OBJECT_CONVERSION = YES_AGGRESSIVE;
				CLANG_CXX_LANGUAGE_STANDARD = "gnu++20";
				CLANG_ENABLE_MODULES = YES;
				CLANG_ENABLE_OBJC_ARC = YES;
				CLANG_ENABLE_OBJC_WEAK = YES;
				CLANG_WARN_BLOCK_CAPTURE_AUTORELEASING = YES;
				CLANG_WARN_BOOL_CONVERSION = YES;
				CLANG_WARN_COMMA = YES;
				CLANG_WARN_CONSTANT_CONVERSION = YES;
				CLANG_WARN_DEPRECATED_OBJC_IMPLEMENTATIONS = YES;
				CLANG_WARN_DIRECT_OBJC_ISA_USAGE = YES_ERROR;
				CLANG_WARN_DOCUMENTATION_COMMENTS = YES;
				CLANG_WARN_EMPTY_BODY = YES;
				CLANG_WARN_ENUM_CONVERSION = YES;
				CLANG_WARN_INFINITE_RECURSION = YES;
				CLANG_WARN_INT_CONVERSION = YES;
				CLANG_WARN_NON_LITERAL_NULL_CONVERSION = YES;
				CLANG_WARN_OBJC_IMPLICIT_RETAIN_SELF = YES;
				CLANG_WARN_OBJC_LITERAL_CONVERSION = YES;
				CLANG_WARN_OBJC_ROOT_CLASS = YES_ERROR;
				CLANG_WARN_QUOTED_INCLUDE_IN_FRAMEWORK_HEADER = YES;
				CLANG_WARN_RANGE_LOOP_ANALYSIS = YES;
				CLANG_WARN_STRICT_PROTOTYPES = YES;
				CLANG_WARN_SUSPICIOUS_MOVE = YES;
				CLANG_WARN_UNGUARDED_AVAILABILITY = YES_AGGRESSIVE;
				CLANG_WARN_UNREACHABLE_CODE = YES;
				CLANG_WARN__DUPLICATE_METHOD_MATCH = YES;
				COPY_PHASE_STRIP = NO;
				DEBUG_INFORMATION_FORMAT = "dwarf-with-dsym";
				ENABLE_NS_ASSERTIONS = NO;
				ENABLE_STRICT_OBJC_MSGSEND = YES;
				GCC_C_LANGUAGE_STANDARD = gnu11;
				GCC_NO_COMMON_BLOCKS = YES;
				GCC_WARN_64_TO_32_BIT_CONVERSION = YES;
				GCC_WARN_ABOUT_RETURN_TYPE = YES_ERROR;
				GCC_WARN_UNDECLARED_SELECTOR = YES;
				GCC_WARN_UNINITIALIZED_AUTOS = YES_AGGRESSIVE;
				GCC_WARN_UNUSED_FUNCTION = YES;
				GCC_WARN_UNUSED_VARIABLE = YES;
				IPHONEOS_DEPLOYMENT_TARGET = 16.4;
				MTL_ENABLE_DEBUG_INFO = NO;
				MTL_FAST_MATH = YES;
				SDKROOT = iphoneos;
				SWIFT_COMPILATION_MODE = wholemodule;
				SWIFT_OPTIMIZATION_LEVEL = "-O";
				VALIDATE_PRODUCT = YES;
			};
			name = Release;
		};
		D04227F62A2B8317000FDAB9 /* Debug */ = {
			isa = XCBuildConfiguration;
			buildSettings = {
				ASSETCATALOG_COMPILER_APPICON_NAME = AppIcon;
				ASSETCATALOG_COMPILER_GLOBAL_ACCENT_COLOR_NAME = AccentColor;
				CODE_SIGN_STYLE = Automatic;
				CURRENT_PROJECT_VERSION = 1;
				DEVELOPMENT_ASSET_PATHS = "\"iPhone 14-9/Preview Content\"";
				DEVELOPMENT_TEAM = 6P2Q3484WA;
				ENABLE_PREVIEWS = YES;
				GENERATE_INFOPLIST_FILE = YES;
				INFOPLIST_KEY_UIApplicationSceneManifest_Generation = YES;
				INFOPLIST_KEY_UIApplicationSupportsIndirectInputEvents = YES;
				INFOPLIST_KEY_UILaunchScreen_Generation = YES;
				INFOPLIST_KEY_UISupportedInterfaceOrientations_iPad = "UIInterfaceOrientationPortrait UIInterfaceOrientationPortraitUpsideDown UIInterfaceOrientationLandscapeLeft UIInterfaceOrientationLandscapeRight";
				INFOPLIST_KEY_UISupportedInterfaceOrientations_iPhone = "UIInterfaceOrientationPortrait UIInterfaceOrientationLandscapeLeft UIInterfaceOrientationLandscapeRight";
				LD_RUNPATH_SEARCH_PATHS = (
					"$(inherited)",
					"@executable_path/Frameworks",
				);
				MARKETING_VERSION = 1.0;
				PRODUCT_BUNDLE_IDENTIFIER = "yonsei.iPhone-14-9";
				PRODUCT_NAME = "$(TARGET_NAME)";
				SWIFT_EMIT_LOC_STRINGS = YES;
				SWIFT_VERSION = 5.0;
				TARGETED_DEVICE_FAMILY = "1,2";
			};
			name = Debug;
		};
		D04227F72A2B8317000FDAB9 /* Release */ = {
			isa = XCBuildConfiguration;
			buildSettings = {
				ASSETCATALOG_COMPILER_APPICON_NAME = AppIcon;
				ASSETCATALOG_COMPILER_GLOBAL_ACCENT_COLOR_NAME = AccentColor;
				CODE_SIGN_STYLE = Automatic;
				CURRENT_PROJECT_VERSION = 1;
				DEVELOPMENT_ASSET_PATHS = "\"iPhone 14-9/Preview Content\"";
				DEVELOPMENT_TEAM = 6P2Q3484WA;
				ENABLE_PREVIEWS = YES;
				GENERATE_INFOPLIST_FILE = YES;
				INFOPLIST_KEY_UIApplicationSceneManifest_Generation = YES;
				INFOPLIST_KEY_UIApplicationSupportsIndirectInputEvents = YES;
				INFOPLIST_KEY_UILaunchScreen_Generation = YES;
				INFOPLIST_KEY_UISupportedInterfaceOrientations_iPad = "UIInterfaceOrientationPortrait UIInterfaceOrientationPortraitUpsideDown UIInterfaceOrientationLandscapeLeft UIInterfaceOrientationLandscapeRight";
				INFOPLIST_KEY_UISupportedInterfaceOrientations_iPhone = "UIInterfaceOrientationPortrait UIInterfaceOrientationLandscapeLeft UIInterfaceOrientationLandscapeRight";
				LD_RUNPATH_SEARCH_PATHS = (
					"$(inherited)",
					"@executable_path/Frameworks",
				);
				MARKETING_VERSION = 1.0;
				PRODUCT_BUNDLE_IDENTIFIER = "yonsei.iPhone-14-9";
				PRODUCT_NAME = "$(TARGET_NAME)";
				SWIFT_EMIT_LOC_STRINGS = YES;
				SWIFT_VERSION = 5.0;
				TARGETED_DEVICE_FAMILY = "1,2";
			};
			name = Release;
		};
		D04227F92A2B8317000FDAB9 /* Debug */ = {
			isa = XCBuildConfiguration;
			buildSettings = {
				ALWAYS_EMBED_SWIFT_STANDARD_LIBRARIES = YES;
				BUNDLE_LOADER = "$(TEST_HOST)";
				CODE_SIGN_STYLE = Automatic;
				CURRENT_PROJECT_VERSION = 1;
				DEVELOPMENT_TEAM = 6P2Q3484WA;
				GENERATE_INFOPLIST_FILE = YES;
				IPHONEOS_DEPLOYMENT_TARGET = 16.4;
				MARKETING_VERSION = 1.0;
				PRODUCT_BUNDLE_IDENTIFIER = "yonsei.iPhone-14-9Tests";
				PRODUCT_NAME = "$(TARGET_NAME)";
				SWIFT_EMIT_LOC_STRINGS = NO;
				SWIFT_VERSION = 5.0;
				TARGETED_DEVICE_FAMILY = "1,2";
				TEST_HOST = "$(BUILT_PRODUCTS_DIR)/iPhone 14-9.app/$(BUNDLE_EXECUTABLE_FOLDER_PATH)/iPhone 14-9";
			};
			name = Debug;
		};
		D04227FA2A2B8317000FDAB9 /* Release */ = {
			isa = XCBuildConfiguration;
			buildSettings = {
				ALWAYS_EMBED_SWIFT_STANDARD_LIBRARIES = YES;
				BUNDLE_LOADER = "$(TEST_HOST)";
				CODE_SIGN_STYLE = Automatic;
				CURRENT_PROJECT_VERSION = 1;
				DEVELOPMENT_TEAM = 6P2Q3484WA;
				GENERATE_INFOPLIST_FILE = YES;
				IPHONEOS_DEPLOYMENT_TARGET = 16.4;
				MARKETING_VERSION = 1.0;
				PRODUCT_BUNDLE_IDENTIFIER = "yonsei.iPhone-14-9Tests";
				PRODUCT_NAME = "$(TARGET_NAME)";
				SWIFT_EMIT_LOC_STRINGS = NO;
				SWIFT_VERSION = 5.0;
				TARGETED_DEVICE_FAMILY = "1,2";
				TEST_HOST = "$(BUILT_PRODUCTS_DIR)/iPhone 14-9.app/$(BUNDLE_EXECUTABLE_FOLDER_PATH)/iPhone 14-9";
			};
			name = Release;
		};
		D04227FC2A2B8317000FDAB9 /* Debug */ = {
			isa = XCBuildConfiguration;
			buildSettings = {
				ALWAYS_EMBED_SWIFT_STANDARD_LIBRARIES = YES;
				CODE_SIGN_STYLE = Automatic;
				CURRENT_PROJECT_VERSION = 1;
				DEVELOPMENT_TEAM = 6P2Q3484WA;
				GENERATE_INFOPLIST_FILE = YES;
				MARKETING_VERSION = 1.0;
				PRODUCT_BUNDLE_IDENTIFIER = "yonsei.iPhone-14-9UITests";
				PRODUCT_NAME = "$(TARGET_NAME)";
				SWIFT_EMIT_LOC_STRINGS = NO;
				SWIFT_VERSION = 5.0;
				TARGETED_DEVICE_FAMILY = "1,2";
				TEST_TARGET_NAME = "iPhone 14-9";
			};
			name = Debug;
		};
		D04227FD2A2B8317000FDAB9 /* Release */ = {
			isa = XCBuildConfiguration;
			buildSettings = {
				ALWAYS_EMBED_SWIFT_STANDARD_LIBRARIES = YES;
				CODE_SIGN_STYLE = Automatic;
				CURRENT_PROJECT_VERSION = 1;
				DEVELOPMENT_TEAM = 6P2Q3484WA;
				GENERATE_INFOPLIST_FILE = YES;
				MARKETING_VERSION = 1.0;
				PRODUCT_BUNDLE_IDENTIFIER = "yonsei.iPhone-14-9UITests";
				PRODUCT_NAME = "$(TARGET_NAME)";
				SWIFT_EMIT_LOC_STRINGS = NO;
				SWIFT_VERSION = 5.0;
				TARGETED_DEVICE_FAMILY = "1,2";
				TEST_TARGET_NAME = "iPhone 14-9";
			};
			name = Release;
		};
/* End XCBuildConfiguration section */

/* Begin XCConfigurationList section */
		D04227C62A2B8316000FDAB9 /* Build configuration list for PBXProject "iPhone 14-9" */ = {
			isa = XCConfigurationList;
			buildConfigurations = (
				D04227F32A2B8317000FDAB9 /* Debug */,
				D04227F42A2B8317000FDAB9 /* Release */,
			);
			defaultConfigurationIsVisible = 0;
			defaultConfigurationName = Release;
		};
		D04227F52A2B8317000FDAB9 /* Build configuration list for PBXNativeTarget "iPhone 14-9" */ = {
			isa = XCConfigurationList;
			buildConfigurations = (
				D04227F62A2B8317000FDAB9 /* Debug */,
				D04227F72A2B8317000FDAB9 /* Release */,
			);
			defaultConfigurationIsVisible = 0;
			defaultConfigurationName = Release;
		};
		D04227F82A2B8317000FDAB9 /* Build configuration list for PBXNativeTarget "iPhone 14-9Tests" */ = {
			isa = XCConfigurationList;
			buildConfigurations = (
				D04227F92A2B8317000FDAB9 /* Debug */,
				D04227FA2A2B8317000FDAB9 /* Release */,
			);
			defaultConfigurationIsVisible = 0;
			defaultConfigurationName = Release;
		};
		D04227FB2A2B8317000FDAB9 /* Build configuration list for PBXNativeTarget "iPhone 14-9UITests" */ = {
			isa = XCConfigurationList;
			buildConfigurations = (
				D04227FC2A2B8317000FDAB9 /* Debug */,
				D04227FD2A2B8317000FDAB9 /* Release */,
			);
			defaultConfigurationIsVisible = 0;
			defaultConfigurationName = Release;
		};
/* End XCConfigurationList section */

/* Begin XCVersionGroup section */
		D04227D92A2B8317000FDAB9 /* iPhone_14_9.xcdatamodeld */ = {
			isa = XCVersionGroup;
			children = (
				D04227DA2A2B8317000FDAB9 /* iPhone_14_9.xcdatamodel */,
			);
			currentVersion = D04227DA2A2B8317000FDAB9 /* iPhone_14_9.xcdatamodel */;
			path = iPhone_14_9.xcdatamodeld;
			sourceTree = "<group>";
			versionGroupType = wrapper.xcdatamodel;
		};
/* End XCVersionGroup section */
	};
	rootObject = D04227C32A2B8316000FDAB9 /* Project object */;
}
